<?xml version="1.0" encoding="utf-8"?>
<Project ToolsVersion="4.0" xmlns="http://schemas.microsoft.com/developer/msbuild/2003">
  <ItemGroup>
    <Filter Include="Исходные файлы">
      <UniqueIdentifier>{4FC737F1-C7A5-4376-A066-2A32D752A2FF}</UniqueIdentifier>
      <Extensions>cpp;c;cc;cxx;c++;cppm;ixx;def;odl;idl;hpj;bat;asm;asmx</Extensions>
    </Filter>
    <Filter Include="Файлы заголовков">
      <UniqueIdentifier>{93995380-89BD-4b04-88EB-625FBE52EBFB}</UniqueIdentifier>
      <Extensions>h;hh;hpp;hxx;h++;hm;inl;inc;ipp;xsd</Extensions>
    </Filter>
    <Filter Include="Файлы ресурсов">
      <UniqueIdentifier>{67DA6AB6-F800-4c08-8B7A-83BB121AAD01}</UniqueIdentifier>
      <Extensions>rc;ico;cur;bmp;dlg;rc2;rct;bin;rgs;gif;jpg;jpeg;jpe;resx;tiff;tif;png;wav;mfcribbon-ms</Extensions>
    </Filter>
  </ItemGroup>
  <ItemGroup>
    <ClCompile Include="NewEngine2D.cpp">
      <Filter>Исходные файлы</Filter>
    </ClCompile>
    <ClCompile Include="api\src\window.cpp">
      <Filter>Исходные файлы</Filter>
    </ClCompile>
    <ClCompile Include="utils\src\logger.cpp">
      <Filter>Исходные файлы</Filter>
    </ClCompile>
    <ClCompile Include="utils\utils.cpp">
      <Filter>Исходные файлы</Filter>
    </ClCompile>
    <ClCompile Include="api\api.cpp">
      <Filter>Исходные файлы</Filter>
    </ClCompile>
    <ClCompile Include="api\src\shader.cpp">
      <Filter>Исходные файлы</Filter>
    </ClCompile>
    <ClCompile Include="api\src\graphics.cpp">
      <Filter>Исходные файлы</Filter>
    </ClCompile>
    <ClCompile Include="api\src\camera.cpp">
      <Filter>Исходные файлы</Filter>
    </ClCompile>
    <ClCompile Include="components\components.cpp">
      <Filter>Исходные файлы</Filter>
    </ClCompile>
    <ClCompile Include="components\src\sprite.cpp">
      <Filter>Исходные файлы</Filter>
    </ClCompile>
    <ClCompile Include="components\src\object.cpp">
      <Filter>Исходные файлы</Filter>
    </ClCompile>
    <ClCompile Include="components\src\sprite_renderer.cpp">
      <Filter>Исходные файлы</Filter>
    </ClCompile>
    <ClCompile Include="components\src\transform.cpp">
      <Filter>Исходные файлы</Filter>
    </ClCompile>
    <ClCompile Include="components\src\box_collider2d.cpp">
      <Filter>Исходные файлы</Filter>
    </ClCompile>
    <ClCompile Include="components\src\collision2d.cpp">
      <Filter>Исходные файлы</Filter>
    </ClCompile>
    <ClCompile Include="api\src\scene.cpp">
      <Filter>Исходные файлы</Filter>
    </ClCompile>
    <ClCompile Include="components\src\rigidbody2d.cpp">
      <Filter>Исходные файлы</Filter>
    </ClCompile>
    <ClCompile Include="api\src\sprite_batching.cpp">
      <Filter>Исходные файлы</Filter>
    </ClCompile>
    <ClCompile Include="components\src\particle_generator.cpp">
      <Filter>Исходные файлы</Filter>
    </ClCompile>
  </ItemGroup>
  <ItemGroup>
    <ClInclude Include="utils\include\logger.h">
      <Filter>Файлы заголовков</Filter>
    </ClInclude>
    <ClInclude Include="utils\utils.h">
      <Filter>Файлы заголовков</Filter>
    </ClInclude>
    <ClInclude Include="api\include\window.h">
      <Filter>Файлы заголовков</Filter>
    </ClInclude>
    <ClInclude Include="api\api.h">
      <Filter>Файлы заголовков</Filter>
    </ClInclude>
    <ClInclude Include="api\include\shader.h">
      <Filter>Файлы заголовков</Filter>
    </ClInclude>
    <ClInclude Include="api\include\graphics.h">
      <Filter>Файлы заголовков</Filter>
    </ClInclude>
    <ClInclude Include="api\include\camera.h">
      <Filter>Файлы заголовков</Filter>
    </ClInclude>
    <ClInclude Include="components\components.h">
      <Filter>Файлы заголовков</Filter>
    </ClInclude>
    <ClInclude Include="components\include\sprite.h">
      <Filter>Файлы заголовков</Filter>
    </ClInclude>
    <ClInclude Include="components\include\sprite_renderer.h">
      <Filter>Файлы заголовков</Filter>
    </ClInclude>
    <ClInclude Include="components\include\transform.h">
      <Filter>Файлы заголовков</Filter>
    </ClInclude>
    <ClInclude Include="components\include\box_collider2d.h">
      <Filter>Файлы заголовков</Filter>
    </ClInclude>
    <ClInclude Include="components\include\collision2d.h">
      <Filter>Файлы заголовков</Filter>
    </ClInclude>
    <ClInclude Include="api\include\scene.h">
      <Filter>Файлы заголовков</Filter>
    </ClInclude>
    <ClInclude Include="components\include\object.h">
      <Filter>Файлы заголовков</Filter>
    </ClInclude>
    <ClInclude Include="components\include\rigidbody2d.h">
      <Filter>Файлы заголовков</Filter>
    </ClInclude>
    <ClInclude Include="api\include\sprite_batching.h">
      <Filter>Файлы заголовков</Filter>
    </ClInclude>
    <ClInclude Include="components\include\particle_generator.h">
      <Filter>Файлы заголовков</Filter>
    </ClInclude>
  </ItemGroup>
</Project>